
Microsoft Visual Studio Solution File, Format Version 12.00
# Visual Studio Version 16
VisualStudioVersion = 16.0.29613.14
MinimumVisualStudioVersion = 10.0.40219.1
Project("{9A19103F-16F7-4668-BE54-9A1E7A4F7556}") = "ShortestReach", "DojoProblems\ShortestReach.csproj", "{DE8D6CE9-D965-4F9B-B645-6B364529FFCD}"
EndProject
Project("{9A19103F-16F7-4668-BE54-9A1E7A4F7556}") = "ShortestPath1ToN", "ShortestPath1ToN\ShortestPath1ToN.csproj", "{1DD4452F-8310-4411-AB37-EEC734CB550C}"
EndProject
Project("{9A19103F-16F7-4668-BE54-9A1E7A4F7556}") = "MatchBarackets", "MatchBarackets\MatchBarackets.csproj", "{6A6CA6AA-E97E-4307-9542-F2104DA933E9}"
EndProject
Project("{9A19103F-16F7-4668-BE54-9A1E7A4F7556}") = "ContactList", "ContactList\ContactList.csproj", "{14837EDA-55F3-4350-93F1-72B9884FD0F9}"
EndProject
Project("{9A19103F-16F7-4668-BE54-9A1E7A4F7556}") = "MaxDivisionComum", "MaxDivisionComum\MaxDivisionComum.csproj", "{9C3B94E7-C334-4C37-B103-024AA84F76B2}"
EndProject
Project("{9A19103F-16F7-4668-BE54-9A1E7A4F7556}") = "Dijkstra", "Dijkstra\Dijkstra.csproj", "{CCC9AE69-C5E4-463F-BEFA-0351EDFDE2A7}"
EndProject
Project("{FAE04EC0-301F-11D3-BF4B-00C04F79EFBC}") = "TreeNodesCount", "TreeNodesCount\TreeNodesCount.csproj", "{F70E92F4-7FB6-40C2-BCDC-AD6FDB17A3DD}"
EndProject
Global
	GlobalSection(SolutionConfigurationPlatforms) = preSolution
		Debug|Any CPU = Debug|Any CPU
		Release|Any CPU = Release|Any CPU
	EndGlobalSection
	GlobalSection(ProjectConfigurationPlatforms) = postSolution
		{DE8D6CE9-D965-4F9B-B645-6B364529FFCD}.Debug|Any CPU.ActiveCfg = Debug|Any CPU
		{DE8D6CE9-D965-4F9B-B645-6B364529FFCD}.Debug|Any CPU.Build.0 = Debug|Any CPU
		{DE8D6CE9-D965-4F9B-B645-6B364529FFCD}.Release|Any CPU.ActiveCfg = Release|Any CPU
		{DE8D6CE9-D965-4F9B-B645-6B364529FFCD}.Release|Any CPU.Build.0 = Release|Any CPU
		{1DD4452F-8310-4411-AB37-EEC734CB550C}.Debug|Any CPU.ActiveCfg = Debug|Any CPU
		{1DD4452F-8310-4411-AB37-EEC734CB550C}.Debug|Any CPU.Build.0 = Debug|Any CPU
		{1DD4452F-8310-4411-AB37-EEC734CB550C}.Release|Any CPU.ActiveCfg = Release|Any CPU
		{1DD4452F-8310-4411-AB37-EEC734CB550C}.Release|Any CPU.Build.0 = Release|Any CPU
		{6A6CA6AA-E97E-4307-9542-F2104DA933E9}.Debug|Any CPU.ActiveCfg = Debug|Any CPU
		{6A6CA6AA-E97E-4307-9542-F2104DA933E9}.Debug|Any CPU.Build.0 = Debug|Any CPU
		{6A6CA6AA-E97E-4307-9542-F2104DA933E9}.Release|Any CPU.ActiveCfg = Release|Any CPU
		{6A6CA6AA-E97E-4307-9542-F2104DA933E9}.Release|Any CPU.Build.0 = Release|Any CPU
		{14837EDA-55F3-4350-93F1-72B9884FD0F9}.Debug|Any CPU.ActiveCfg = Debug|Any CPU
		{14837EDA-55F3-4350-93F1-72B9884FD0F9}.Debug|Any CPU.Build.0 = Debug|Any CPU
		{14837EDA-55F3-4350-93F1-72B9884FD0F9}.Release|Any CPU.ActiveCfg = Release|Any CPU
		{14837EDA-55F3-4350-93F1-72B9884FD0F9}.Release|Any CPU.Build.0 = Release|Any CPU
		{9C3B94E7-C334-4C37-B103-024AA84F76B2}.Debug|Any CPU.ActiveCfg = Debug|Any CPU
		{9C3B94E7-C334-4C37-B103-024AA84F76B2}.Debug|Any CPU.Build.0 = Debug|Any CPU
		{9C3B94E7-C334-4C37-B103-024AA84F76B2}.Release|Any CPU.ActiveCfg = Release|Any CPU
		{9C3B94E7-C334-4C37-B103-024AA84F76B2}.Release|Any CPU.Build.0 = Release|Any CPU
		{CCC9AE69-C5E4-463F-BEFA-0351EDFDE2A7}.Debug|Any CPU.ActiveCfg = Debug|Any CPU
		{CCC9AE69-C5E4-463F-BEFA-0351EDFDE2A7}.Debug|Any CPU.Build.0 = Debug|Any CPU
		{CCC9AE69-C5E4-463F-BEFA-0351EDFDE2A7}.Release|Any CPU.ActiveCfg = Release|Any CPU
		{CCC9AE69-C5E4-463F-BEFA-0351EDFDE2A7}.Release|Any CPU.Build.0 = Release|Any CPU
		{F70E92F4-7FB6-40C2-BCDC-AD6FDB17A3DD}.Debug|Any CPU.ActiveCfg = Debug|Any CPU
		{F70E92F4-7FB6-40C2-BCDC-AD6FDB17A3DD}.Debug|Any CPU.Build.0 = Debug|Any CPU
		{F70E92F4-7FB6-40C2-BCDC-AD6FDB17A3DD}.Release|Any CPU.ActiveCfg = Release|Any CPU
		{F70E92F4-7FB6-40C2-BCDC-AD6FDB17A3DD}.Release|Any CPU.Build.0 = Release|Any CPU
	EndGlobalSection
	GlobalSection(SolutionProperties) = preSolution
		HideSolutionNode = FALSE
	EndGlobalSection
	GlobalSection(ExtensibilityGlobals) = postSolution
		SolutionGuid = {35EAC2DA-01C9-45CF-9F31-36D07F7D8B65}
	EndGlobalSection
EndGlobal
